
Microsoft Visual Studio Solution File, Format Version 12.00
# Visual Studio Version 16
VisualStudioVersion = 16.0.32510.428
MinimumVisualStudioVersion = 10.0.40219.1
Project("{9A19103F-16F7-4668-BE54-9A1E7A4F7556}") = "Tableau_Ex_4_corr", "Tableau_Ex_5_corr\Tableau_Ex_4_corr.csproj", "{70136B08-5FC1-4A00-BEDF-7FC95CEBB20A}"
EndProject
Project("{9A19103F-16F7-4668-BE54-9A1E7A4F7556}") = "Tableau_Ex_1", "Tableaux_Ex_1\Tableau_Ex_1.csproj", "{207E8244-E87D-4BC3-A85B-4242D8807898}"
EndProject
Project("{9A19103F-16F7-4668-BE54-9A1E7A4F7556}") = "Tableau_Ex_5", "Tableau_Ex_5\Tableau_Ex_5.csproj", "{7381116B-33D9-4AC3-902F-4776B50625A1}"
EndProject
Project("{9A19103F-16F7-4668-BE54-9A1E7A4F7556}") = "Tableau_Ex_4", "Tableau_Ex_4\Tableau_Ex_4.csproj", "{C73E3ED1-F13B-4DF0-A074-E8B27A75630D}"
EndProject
Project("{9A19103F-16F7-4668-BE54-9A1E7A4F7556}") = "Operateur_Ex_3", "Operateur_Ex_3\Operateur_Ex_3.csproj", "{1B67BE4F-CDF8-47B5-BC2F-038BBC191DEF}"
EndProject
Project("{9A19103F-16F7-4668-BE54-9A1E7A4F7556}") = "Operateur_Ex_2", "Operateur_Ex_2\Operateur_Ex_2.csproj", "{6CBF11F9-7063-4804-B40A-64721B21C267}"
EndProject
Project("{9A19103F-16F7-4668-BE54-9A1E7A4F7556}") = "Operateur_Ex_1", "Operateur_Ex_1\Operateur_Ex_1.csproj", "{B2FFC232-1971-4EEE-A29C-FC6B7323B7A4}"
EndProject
Project("{9A19103F-16F7-4668-BE54-9A1E7A4F7556}") = "Condition_Ex_3", "Condition_Ex_3\Condition_Ex_3.csproj", "{EF3367B2-76B8-40F1-A119-BF877B6C309B}"
EndProject
Project("{9A19103F-16F7-4668-BE54-9A1E7A4F7556}") = "Condition_Ex_2", "Condition_Ex_2\Condition_Ex_2.csproj", "{CD346297-4DA4-4B70-95CE-2D01905F5EF5}"
EndProject
Project("{9A19103F-16F7-4668-BE54-9A1E7A4F7556}") = "Condition_Ex_1", "Condition_Ex_1\Condition_Ex_1.csproj", "{C1B4E1B1-6479-4F71-B867-0B70F875C439}"
EndProject
Project("{9A19103F-16F7-4668-BE54-9A1E7A4F7556}") = "Tableau_Ex_3", "Tableau_Ex_3\Tableau_Ex_3.csproj", "{2358A646-26C5-45CC-826E-2AFA050293DE}"
EndProject
Project("{9A19103F-16F7-4668-BE54-9A1E7A4F7556}") = "Loop_Ex_1", "..\C_Demos\Loop_Ex_1\Loop_Ex_1.csproj", "{B45281E7-F1A2-4575-8BA9-D9D4C7B20FF9}"
EndProject
Project("{9A19103F-16F7-4668-BE54-9A1E7A4F7556}") = "Loop_Ex_2", "..\C_Demos\Loop_Ex_2\Loop_Ex_2.csproj", "{410ED1DA-9081-4FD9-B313-0F15C73288C9}"
EndProject
Project("{9A19103F-16F7-4668-BE54-9A1E7A4F7556}") = "Loop_Ex_3", "..\C_Demos\Loop_Ex_3\Loop_Ex_3.csproj", "{7F7E5AF9-C3A2-4569-8967-AC43FCF73CDC}"
EndProject
Project("{9A19103F-16F7-4668-BE54-9A1E7A4F7556}") = "Loop_Ex_4", "..\C_Demos\Loop_Ex_4\Loop_Ex_4.csproj", "{F1EC566A-7035-40AF-8751-E8114DB53C86}"
EndProject
Project("{9A19103F-16F7-4668-BE54-9A1E7A4F7556}") = "Loop_Ex_5", "..\C_Demos\Loop_Ex_5\Loop_Ex_5.csproj", "{30D7E0BB-C3F8-428D-92A0-D9EE1B9E73E9}"
EndProject
Project("{9A19103F-16F7-4668-BE54-9A1E7A4F7556}") = "Tableau_Ex_2", "Tableau_Ex_2\Tableau_Ex_2.csproj", "{6E576FDB-0BC5-4D19-B0B7-7791852255EE}"
EndProject
Project("{9A19103F-16F7-4668-BE54-9A1E7A4F7556}") = "Revision_Loop_Ex_1", "Revision_Loop_Ex_1\Revision_Loop_Ex_1.csproj", "{CD9E7EFF-672F-4761-9251-29A2D747E610}"
EndProject
Project("{9A19103F-16F7-4668-BE54-9A1E7A4F7556}") = "Revision_Loop_Ex_2", "Revision_Loop_Ex_2\Revision_Loop_Ex_2.csproj", "{E1EC0269-2076-47DA-9146-EC3C410A8B7C}"
EndProject
Project("{9A19103F-16F7-4668-BE54-9A1E7A4F7556}") = "Revision_Loop_Ex_3", "Revision_Loop_Ex_3\Revision_Loop_Ex_3.csproj", "{3B913415-AAC2-4B25-A851-E612F15ED7E9}"
EndProject
Project("{9A19103F-16F7-4668-BE54-9A1E7A4F7556}") = "Revision_Loop_Ex_4", "Revision_Loop_Ex_4\Revision_Loop_Ex_4.csproj", "{15C4C53D-A298-426C-98BA-CAB97EF0D998}"
EndProject
Project("{9A19103F-16F7-4668-BE54-9A1E7A4F7556}") = "Revision_Loop_Ex_5", "Revision_Loop_Ex_5\Revision_Loop_Ex_5.csproj", "{1381F564-D743-4949-8816-F46B17787959}"
EndProject
Project("{9A19103F-16F7-4668-BE54-9A1E7A4F7556}") = "Structure_Ex_1", "Structure_Ex_1\Structure_Ex_1.csproj", "{76968F98-EFAE-4AD3-B455-A595E7AD9E15}"
EndProject
Project("{9A19103F-16F7-4668-BE54-9A1E7A4F7556}") = "Methode_Ex_1", "Methode_Ex_1\Methode_Ex_1.csproj", "{9EEA17BB-4EA7-47CD-A657-E8D9D38888C4}"
EndProject
Project("{9A19103F-16F7-4668-BE54-9A1E7A4F7556}") = "Methode_Ex_2", "Methode_Ex_2\Methode_Ex_2.csproj", "{76A588A9-586F-4C15-BD9A-D87B87929244}"
EndProject
Project("{9A19103F-16F7-4668-BE54-9A1E7A4F7556}") = "Grand_Prix", "Grand_Prix\Grand_Prix.csproj", "{F51A2E62-07EE-4AA2-8D0D-2981CB20C54A}"
EndProject
Project("{9A19103F-16F7-4668-BE54-9A1E7A4F7556}") = "Enum_Ex_1", "Enum_Ex_1\Enum_Ex_1.csproj", "{C1531B7D-9C55-44BA-990B-F52D753645CC}"
EndProject
Project("{FAE04EC0-301F-11D3-BF4B-00C04F79EFBC}") = "Javanais", "Javanais\Javanais.csproj", "{509662B0-5FBD-4377-A614-C6BD36094DE1}"
EndProject
Global
	GlobalSection(SolutionConfigurationPlatforms) = preSolution
		Debug|Any CPU = Debug|Any CPU
		Release|Any CPU = Release|Any CPU
	EndGlobalSection
	GlobalSection(ProjectConfigurationPlatforms) = postSolution
		{70136B08-5FC1-4A00-BEDF-7FC95CEBB20A}.Debug|Any CPU.ActiveCfg = Debug|Any CPU
		{70136B08-5FC1-4A00-BEDF-7FC95CEBB20A}.Debug|Any CPU.Build.0 = Debug|Any CPU
		{70136B08-5FC1-4A00-BEDF-7FC95CEBB20A}.Release|Any CPU.ActiveCfg = Release|Any CPU
		{70136B08-5FC1-4A00-BEDF-7FC95CEBB20A}.Release|Any CPU.Build.0 = Release|Any CPU
		{207E8244-E87D-4BC3-A85B-4242D8807898}.Debug|Any CPU.ActiveCfg = Debug|Any CPU
		{207E8244-E87D-4BC3-A85B-4242D8807898}.Debug|Any CPU.Build.0 = Debug|Any CPU
		{207E8244-E87D-4BC3-A85B-4242D8807898}.Release|Any CPU.ActiveCfg = Release|Any CPU
		{207E8244-E87D-4BC3-A85B-4242D8807898}.Release|Any CPU.Build.0 = Release|Any CPU
		{7381116B-33D9-4AC3-902F-4776B50625A1}.Debug|Any CPU.ActiveCfg = Debug|Any CPU
		{7381116B-33D9-4AC3-902F-4776B50625A1}.Debug|Any CPU.Build.0 = Debug|Any CPU
		{7381116B-33D9-4AC3-902F-4776B50625A1}.Release|Any CPU.ActiveCfg = Release|Any CPU
		{7381116B-33D9-4AC3-902F-4776B50625A1}.Release|Any CPU.Build.0 = Release|Any CPU
		{C73E3ED1-F13B-4DF0-A074-E8B27A75630D}.Debug|Any CPU.ActiveCfg = Debug|Any CPU
		{C73E3ED1-F13B-4DF0-A074-E8B27A75630D}.Debug|Any CPU.Build.0 = Debug|Any CPU
		{C73E3ED1-F13B-4DF0-A074-E8B27A75630D}.Release|Any CPU.ActiveCfg = Release|Any CPU
		{C73E3ED1-F13B-4DF0-A074-E8B27A75630D}.Release|Any CPU.Build.0 = Release|Any CPU
		{1B67BE4F-CDF8-47B5-BC2F-038BBC191DEF}.Debug|Any CPU.ActiveCfg = Debug|Any CPU
		{1B67BE4F-CDF8-47B5-BC2F-038BBC191DEF}.Debug|Any CPU.Build.0 = Debug|Any CPU
		{1B67BE4F-CDF8-47B5-BC2F-038BBC191DEF}.Release|Any CPU.ActiveCfg = Release|Any CPU
		{1B67BE4F-CDF8-47B5-BC2F-038BBC191DEF}.Release|Any CPU.Build.0 = Release|Any CPU
		{6CBF11F9-7063-4804-B40A-64721B21C267}.Debug|Any CPU.ActiveCfg = Debug|Any CPU
		{6CBF11F9-7063-4804-B40A-64721B21C267}.Debug|Any CPU.Build.0 = Debug|Any CPU
		{6CBF11F9-7063-4804-B40A-64721B21C267}.Release|Any CPU.ActiveCfg = Release|Any CPU
		{6CBF11F9-7063-4804-B40A-64721B21C267}.Release|Any CPU.Build.0 = Release|Any CPU
		{B2FFC232-1971-4EEE-A29C-FC6B7323B7A4}.Debug|Any CPU.ActiveCfg = Debug|Any CPU
		{B2FFC232-1971-4EEE-A29C-FC6B7323B7A4}.Debug|Any CPU.Build.0 = Debug|Any CPU
		{B2FFC232-1971-4EEE-A29C-FC6B7323B7A4}.Release|Any CPU.ActiveCfg = Release|Any CPU
		{B2FFC232-1971-4EEE-A29C-FC6B7323B7A4}.Release|Any CPU.Build.0 = Release|Any CPU
		{EF3367B2-76B8-40F1-A119-BF877B6C309B}.Debug|Any CPU.ActiveCfg = Debug|Any CPU
		{EF3367B2-76B8-40F1-A119-BF877B6C309B}.Debug|Any CPU.Build.0 = Debug|Any CPU
		{EF3367B2-76B8-40F1-A119-BF877B6C309B}.Release|Any CPU.ActiveCfg = Release|Any CPU
		{EF3367B2-76B8-40F1-A119-BF877B6C309B}.Release|Any CPU.Build.0 = Release|Any CPU
		{CD346297-4DA4-4B70-95CE-2D01905F5EF5}.Debug|Any CPU.ActiveCfg = Debug|Any CPU
		{CD346297-4DA4-4B70-95CE-2D01905F5EF5}.Debug|Any CPU.Build.0 = Debug|Any CPU
		{CD346297-4DA4-4B70-95CE-2D01905F5EF5}.Release|Any CPU.ActiveCfg = Release|Any CPU
		{CD346297-4DA4-4B70-95CE-2D01905F5EF5}.Release|Any CPU.Build.0 = Release|Any CPU
		{C1B4E1B1-6479-4F71-B867-0B70F875C439}.Debug|Any CPU.ActiveCfg = Debug|Any CPU
		{C1B4E1B1-6479-4F71-B867-0B70F875C439}.Debug|Any CPU.Build.0 = Debug|Any CPU
		{C1B4E1B1-6479-4F71-B867-0B70F875C439}.Release|Any CPU.ActiveCfg = Release|Any CPU
		{C1B4E1B1-6479-4F71-B867-0B70F875C439}.Release|Any CPU.Build.0 = Release|Any CPU
		{2358A646-26C5-45CC-826E-2AFA050293DE}.Debug|Any CPU.ActiveCfg = Debug|Any CPU
		{2358A646-26C5-45CC-826E-2AFA050293DE}.Debug|Any CPU.Build.0 = Debug|Any CPU
		{2358A646-26C5-45CC-826E-2AFA050293DE}.Release|Any CPU.ActiveCfg = Release|Any CPU
		{2358A646-26C5-45CC-826E-2AFA050293DE}.Release|Any CPU.Build.0 = Release|Any CPU
		{B45281E7-F1A2-4575-8BA9-D9D4C7B20FF9}.Debug|Any CPU.ActiveCfg = Debug|Any CPU
		{B45281E7-F1A2-4575-8BA9-D9D4C7B20FF9}.Debug|Any CPU.Build.0 = Debug|Any CPU
		{B45281E7-F1A2-4575-8BA9-D9D4C7B20FF9}.Release|Any CPU.ActiveCfg = Release|Any CPU
		{B45281E7-F1A2-4575-8BA9-D9D4C7B20FF9}.Release|Any CPU.Build.0 = Release|Any CPU
		{410ED1DA-9081-4FD9-B313-0F15C73288C9}.Debug|Any CPU.ActiveCfg = Debug|Any CPU
		{410ED1DA-9081-4FD9-B313-0F15C73288C9}.Debug|Any CPU.Build.0 = Debug|Any CPU
		{410ED1DA-9081-4FD9-B313-0F15C73288C9}.Release|Any CPU.ActiveCfg = Release|Any CPU
		{410ED1DA-9081-4FD9-B313-0F15C73288C9}.Release|Any CPU.Build.0 = Release|Any CPU
		{7F7E5AF9-C3A2-4569-8967-AC43FCF73CDC}.Debug|Any CPU.ActiveCfg = Debug|Any CPU
		{7F7E5AF9-C3A2-4569-8967-AC43FCF73CDC}.Debug|Any CPU.Build.0 = Debug|Any CPU
		{7F7E5AF9-C3A2-4569-8967-AC43FCF73CDC}.Release|Any CPU.ActiveCfg = Release|Any CPU
		{7F7E5AF9-C3A2-4569-8967-AC43FCF73CDC}.Release|Any CPU.Build.0 = Release|Any CPU
		{F1EC566A-7035-40AF-8751-E8114DB53C86}.Debug|Any CPU.ActiveCfg = Debug|Any CPU
		{F1EC566A-7035-40AF-8751-E8114DB53C86}.Debug|Any CPU.Build.0 = Debug|Any CPU
		{F1EC566A-7035-40AF-8751-E8114DB53C86}.Release|Any CPU.ActiveCfg = Release|Any CPU
		{F1EC566A-7035-40AF-8751-E8114DB53C86}.Release|Any CPU.Build.0 = Release|Any CPU
		{30D7E0BB-C3F8-428D-92A0-D9EE1B9E73E9}.Debug|Any CPU.ActiveCfg = Debug|Any CPU
		{30D7E0BB-C3F8-428D-92A0-D9EE1B9E73E9}.Debug|Any CPU.Build.0 = Debug|Any CPU
		{30D7E0BB-C3F8-428D-92A0-D9EE1B9E73E9}.Release|Any CPU.ActiveCfg = Release|Any CPU
		{30D7E0BB-C3F8-428D-92A0-D9EE1B9E73E9}.Release|Any CPU.Build.0 = Release|Any CPU
		{6E576FDB-0BC5-4D19-B0B7-7791852255EE}.Debug|Any CPU.ActiveCfg = Debug|Any CPU
		{6E576FDB-0BC5-4D19-B0B7-7791852255EE}.Debug|Any CPU.Build.0 = Debug|Any CPU
		{6E576FDB-0BC5-4D19-B0B7-7791852255EE}.Release|Any CPU.ActiveCfg = Release|Any CPU
		{6E576FDB-0BC5-4D19-B0B7-7791852255EE}.Release|Any CPU.Build.0 = Release|Any CPU
		{CD9E7EFF-672F-4761-9251-29A2D747E610}.Debug|Any CPU.ActiveCfg = Debug|Any CPU
		{CD9E7EFF-672F-4761-9251-29A2D747E610}.Debug|Any CPU.Build.0 = Debug|Any CPU
		{CD9E7EFF-672F-4761-9251-29A2D747E610}.Release|Any CPU.ActiveCfg = Release|Any CPU
		{CD9E7EFF-672F-4761-9251-29A2D747E610}.Release|Any CPU.Build.0 = Release|Any CPU
		{E1EC0269-2076-47DA-9146-EC3C410A8B7C}.Debug|Any CPU.ActiveCfg = Debug|Any CPU
		{E1EC0269-2076-47DA-9146-EC3C410A8B7C}.Debug|Any CPU.Build.0 = Debug|Any CPU
		{E1EC0269-2076-47DA-9146-EC3C410A8B7C}.Release|Any CPU.ActiveCfg = Release|Any CPU
		{E1EC0269-2076-47DA-9146-EC3C410A8B7C}.Release|Any CPU.Build.0 = Release|Any CPU
		{3B913415-AAC2-4B25-A851-E612F15ED7E9}.Debug|Any CPU.ActiveCfg = Debug|Any CPU
		{3B913415-AAC2-4B25-A851-E612F15ED7E9}.Debug|Any CPU.Build.0 = Debug|Any CPU
		{3B913415-AAC2-4B25-A851-E612F15ED7E9}.Release|Any CPU.ActiveCfg = Release|Any CPU
		{3B913415-AAC2-4B25-A851-E612F15ED7E9}.Release|Any CPU.Build.0 = Release|Any CPU
		{15C4C53D-A298-426C-98BA-CAB97EF0D998}.Debug|Any CPU.ActiveCfg = Debug|Any CPU
		{15C4C53D-A298-426C-98BA-CAB97EF0D998}.Debug|Any CPU.Build.0 = Debug|Any CPU
		{15C4C53D-A298-426C-98BA-CAB97EF0D998}.Release|Any CPU.ActiveCfg = Release|Any CPU
		{15C4C53D-A298-426C-98BA-CAB97EF0D998}.Release|Any CPU.Build.0 = Release|Any CPU
		{1381F564-D743-4949-8816-F46B17787959}.Debug|Any CPU.ActiveCfg = Debug|Any CPU
		{1381F564-D743-4949-8816-F46B17787959}.Debug|Any CPU.Build.0 = Debug|Any CPU
		{1381F564-D743-4949-8816-F46B17787959}.Release|Any CPU.ActiveCfg = Release|Any CPU
		{1381F564-D743-4949-8816-F46B17787959}.Release|Any CPU.Build.0 = Release|Any CPU
		{76968F98-EFAE-4AD3-B455-A595E7AD9E15}.Debug|Any CPU.ActiveCfg = Debug|Any CPU
		{76968F98-EFAE-4AD3-B455-A595E7AD9E15}.Debug|Any CPU.Build.0 = Debug|Any CPU
		{76968F98-EFAE-4AD3-B455-A595E7AD9E15}.Release|Any CPU.ActiveCfg = Release|Any CPU
		{76968F98-EFAE-4AD3-B455-A595E7AD9E15}.Release|Any CPU.Build.0 = Release|Any CPU
		{9EEA17BB-4EA7-47CD-A657-E8D9D38888C4}.Debug|Any CPU.ActiveCfg = Debug|Any CPU
		{9EEA17BB-4EA7-47CD-A657-E8D9D38888C4}.Debug|Any CPU.Build.0 = Debug|Any CPU
		{9EEA17BB-4EA7-47CD-A657-E8D9D38888C4}.Release|Any CPU.ActiveCfg = Release|Any CPU
		{9EEA17BB-4EA7-47CD-A657-E8D9D38888C4}.Release|Any CPU.Build.0 = Release|Any CPU
		{76A588A9-586F-4C15-BD9A-D87B87929244}.Debug|Any CPU.ActiveCfg = Debug|Any CPU
		{76A588A9-586F-4C15-BD9A-D87B87929244}.Debug|Any CPU.Build.0 = Debug|Any CPU
		{76A588A9-586F-4C15-BD9A-D87B87929244}.Release|Any CPU.ActiveCfg = Release|Any CPU
		{76A588A9-586F-4C15-BD9A-D87B87929244}.Release|Any CPU.Build.0 = Release|Any CPU
		{F51A2E62-07EE-4AA2-8D0D-2981CB20C54A}.Debug|Any CPU.ActiveCfg = Debug|Any CPU
		{F51A2E62-07EE-4AA2-8D0D-2981CB20C54A}.Debug|Any CPU.Build.0 = Debug|Any CPU
		{F51A2E62-07EE-4AA2-8D0D-2981CB20C54A}.Release|Any CPU.ActiveCfg = Release|Any CPU
		{F51A2E62-07EE-4AA2-8D0D-2981CB20C54A}.Release|Any CPU.Build.0 = Release|Any CPU
		{C1531B7D-9C55-44BA-990B-F52D753645CC}.Debug|Any CPU.ActiveCfg = Debug|Any CPU
		{C1531B7D-9C55-44BA-990B-F52D753645CC}.Debug|Any CPU.Build.0 = Debug|Any CPU
		{C1531B7D-9C55-44BA-990B-F52D753645CC}.Release|Any CPU.ActiveCfg = Release|Any CPU
		{C1531B7D-9C55-44BA-990B-F52D753645CC}.Release|Any CPU.Build.0 = Release|Any CPU
		{509662B0-5FBD-4377-A614-C6BD36094DE1}.Debug|Any CPU.ActiveCfg = Debug|Any CPU
		{509662B0-5FBD-4377-A614-C6BD36094DE1}.Debug|Any CPU.Build.0 = Debug|Any CPU
		{509662B0-5FBD-4377-A614-C6BD36094DE1}.Release|Any CPU.ActiveCfg = Release|Any CPU
		{509662B0-5FBD-4377-A614-C6BD36094DE1}.Release|Any CPU.Build.0 = Release|Any CPU
	EndGlobalSection
	GlobalSection(SolutionProperties) = preSolution
		HideSolutionNode = FALSE
	EndGlobalSection
	GlobalSection(ExtensibilityGlobals) = postSolution
		SolutionGuid = {FE27AF4F-CC78-4C9A-8392-3C9C4961C313}
	EndGlobalSection
EndGlobal
